<Solution>
  <Folder Name="/src/">
    <Project Path="src/Nebula.Api/Nebula.Api.csproj" />
    <Project Path="src/Nebula.Application/Nebula.Application.csproj" />
    <Project Path="src/Nebula.Domain/Nebula.Domain.csproj" />
    <Project Path="src/Nebula.Infrastructure/Nebula.Infrastructure.csproj" />
  </Folder>
  <Folder Name="/tests/">
    <Project Path="tests/Nebula.Tests/Nebula.Tests.csproj" />
  </Folder>
</Solution>
